{
  "nodes": {
    "darwin": {
      "inputs": {
        "nixpkgs": [
          "nixpkgs"
        ]
      },
      "locked": {
        "lastModified": 1694497842,
        "narHash": "sha256-z03v/m0OwcLBok97KcUgMl8ZFw5Xwsi2z+n6nL7JdXY=",
        "owner": "lnl7",
        "repo": "nix-darwin",
        "rev": "4496ab26628c5f43d2a5c577a06683c753e32fe2",
        "type": "github"
      },
      "original": {
        "owner": "lnl7",
        "repo": "nix-darwin",
        "type": "github"
      }
    },
    "flake-compat": {
      "flake": false,
      "locked": {
        "lastModified": 1627913399,
        "narHash": "sha256-hY8g6H2KFL8ownSiFeMOjwPC8P0ueXpCVEbxgda3pko=",
        "owner": "edolstra",
        "repo": "flake-compat",
        "rev": "12c64ca55c1014cdc1b16ed5a804aa8576601ff2",
        "type": "github"
      },
      "original": {
        "owner": "edolstra",
        "repo": "flake-compat",
        "type": "github"
      }
    },
    "flake-utils": {
      "inputs": {
        "systems": "systems"
      },
      "locked": {
        "lastModified": 1694529238,
        "narHash": "sha256-zsNZZGTGnMOf9YpHKJqMSsa0dXbfmxeoJ7xHlrt+xmY=",
        "owner": "numtide",
        "repo": "flake-utils",
        "rev": "ff7b65b44d01cf9ba6a71320833626af21126384",
        "type": "github"
      },
      "original": {
        "owner": "numtide",
        "repo": "flake-utils",
        "type": "github"
      }
    },
    "nixpkgs": {
      "locked": {
        "lastModified": 1694422566,
        "narHash": "sha256-lHJ+A9esOz9vln/3CJG23FV6Wd2OoOFbDeEs4cMGMqc=",
        "owner": "NixOS",
        "repo": "nixpkgs",
        "rev": "3a2786eea085f040a66ecde1bc3ddc7099f6dbeb",
        "type": "github"
      },
      "original": {
        "owner": "NixOS",
        "ref": "nixos-unstable",
        "repo": "nixpkgs",
        "type": "github"
      }
    },
    "nixpkgs-misc": {
      "inputs": {
        "flake-utils": [
          "flake-utils"
        ],
        "nixpkgs": [
          "nixpkgs"
        ]
      },
      "locked": {
        "lastModified": 1639472689,
        "narHash": "sha256-hQyu7TSdz3HjXioSrFKOLxQ63ODKLfXQSq6PoSiSXYs=",
        "owner": "mnacamura",
        "repo": "nixpkgs-misc",
        "rev": "b34568523c216d3d9b975a54396deb1a82bf52f5",
        "type": "github"
      },
      "original": {
        "owner": "mnacamura",
        "repo": "nixpkgs-misc",
        "type": "github"
      }
    },
    "nixpkgs-mozilla": {
      "flake": false,
      "locked": {
        "lastModified": 1690536331,
        "narHash": "sha256-aRIf2FB2GTdfF7gl13WyETmiV/J7EhBGkSWXfZvlxcA=",
        "owner": "mozilla",
        "repo": "nixpkgs-mozilla",
        "rev": "db89c8707edcffefcd8e738459d511543a339ff5",
        "type": "github"
      },
      "original": {
        "owner": "mozilla",
        "repo": "nixpkgs-mozilla",
        "type": "github"
      }
    },
    "nixpkgs-themix": {
      "inputs": {
        "flake-compat": "flake-compat",
        "flake-utils": [
          "flake-utils"
        ],
        "nixpkgs": [
          "nixpkgs"
        ]
      },
      "locked": {
        "lastModified": 1640605146,
        "narHash": "sha256-Fxwy77HtWLuE+2Qux+dJPaTqlywWoFHNuovM3/foIns=",
        "owner": "mnacamura",
        "repo": "nixpkgs-themix",
        "rev": "c957993c67a2ce085d6660ef6fbc6dcf1d3a23f3",
        "type": "github"
      },
      "original": {
        "owner": "mnacamura",
        "repo": "nixpkgs-themix",
        "type": "github"
      }
    },
    "root": {
      "inputs": {
        "darwin": "darwin",
        "flake-utils": "flake-utils",
        "nixpkgs": "nixpkgs",
        "nixpkgs-misc": "nixpkgs-misc",
        "nixpkgs-mozilla": "nixpkgs-mozilla",
        "nixpkgs-themix": "nixpkgs-themix"
      }
    },
    "systems": {
      "locked": {
        "lastModified": 1681028828,
        "narHash": "sha256-Vy1rq5AaRuLzOxct8nz4T6wlgyUR7zLU309k9mBC768=",
        "owner": "nix-systems",
        "repo": "default",
        "rev": "da67096a3b9bf56a91d16901293e51ba5b49a27e",
        "type": "github"
      },
      "original": {
        "owner": "nix-systems",
        "repo": "default",
        "type": "github"
      }
    }
  },
  "root": "root",
  "version": 7
}
